// !$*UTF8*$!
{
	archiveVersion = 1;
	classes = {
	};
	objectVersion = 77;
	objects = {

/* Begin PBXBuildFile section */
		F710CF572E71A92000A9CC8D /* Numbstrict.cpp in Sources */ = {isa = PBXBuildFile; fileRef = F710CF562E71A92000A9CC8D /* Numbstrict.cpp */; };
		F77980412E75AC6C0054250F /* compareWithRyu.cpp in Sources */ = {isa = PBXBuildFile; fileRef = F77980402E75AC6C0054250F /* compareWithRyu.cpp */; };
		F77980542E75ACF00054250F /* s2d.c in Sources */ = {isa = PBXBuildFile; fileRef = F77980522E75ACF00054250F /* s2d.c */; };
		F77980552E75ACF00054250F /* generic_128.c in Sources */ = {isa = PBXBuildFile; fileRef = F779804E2E75ACF00054250F /* generic_128.c */; };
		F77980562E75ACF00054250F /* d2fixed.c in Sources */ = {isa = PBXBuildFile; fileRef = F77980432E75ACF00054250F /* d2fixed.c */; };
		F77980572E75ACF00054250F /* d2s.c in Sources */ = {isa = PBXBuildFile; fileRef = F77980452E75ACF00054250F /* d2s.c */; };
		F77980582E75ACF00054250F /* s2f.c in Sources */ = {isa = PBXBuildFile; fileRef = F77980532E75ACF00054250F /* s2f.c */; };
		F77980592E75ACF00054250F /* f2s.c in Sources */ = {isa = PBXBuildFile; fileRef = F779804A2E75ACF00054250F /* f2s.c */; };
/* End PBXBuildFile section */

/* Begin PBXCopyFilesBuildPhase section */
		F710CF492E71A6D300A9CC8D /* CopyFiles */ = {
			isa = PBXCopyFilesBuildPhase;
			buildActionMask = 2147483647;
			dstPath = /usr/share/man/man1/;
			dstSubfolderSpec = 0;
			files = (
			);
			runOnlyForDeploymentPostprocessing = 1;
		};
/* End PBXCopyFilesBuildPhase section */

/* Begin PBXFileReference section */
		F710CF4B2E71A6D300A9CC8D /* RoundingTest */ = {isa = PBXFileReference; explicitFileType = "compiled.mach-o.executable"; includeInIndex = 0; path = RoundingTest; sourceTree = BUILT_PRODUCTS_DIR; };
		F710CF552E71A92000A9CC8D /* Numbstrict.h */ = {isa = PBXFileReference; lastKnownFileType = sourcecode.c.h; name = Numbstrict.h; path = ../src/Numbstrict.h; sourceTree = SOURCE_ROOT; };
		F710CF562E71A92000A9CC8D /* Numbstrict.cpp */ = {isa = PBXFileReference; lastKnownFileType = sourcecode.cpp.cpp; name = Numbstrict.cpp; path = ../src/Numbstrict.cpp; sourceTree = SOURCE_ROOT; };
		F710CF582E71A92A00A9CC8D /* RoundingTest.cpp */ = {isa = PBXFileReference; lastKnownFileType = sourcecode.cpp.cpp; path = RoundingTest.cpp; sourceTree = "<group>"; };
		F77980402E75AC6C0054250F /* compareWithRyu.cpp */ = {isa = PBXFileReference; lastKnownFileType = sourcecode.cpp.cpp; name = compareWithRyu.cpp; path = ../tests/compareWithRyu.cpp; sourceTree = SOURCE_ROOT; };
		F77980422E75ACF00054250F /* common.h */ = {isa = PBXFileReference; lastKnownFileType = sourcecode.c.h; name = common.h; path = ../externals/ryu/ryu/common.h; sourceTree = SOURCE_ROOT; };
		F77980432E75ACF00054250F /* d2fixed.c */ = {isa = PBXFileReference; lastKnownFileType = sourcecode.c.c; name = d2fixed.c; path = ../externals/ryu/ryu/d2fixed.c; sourceTree = SOURCE_ROOT; };
		F77980442E75ACF00054250F /* d2fixed_full_table.h */ = {isa = PBXFileReference; lastKnownFileType = sourcecode.c.h; name = d2fixed_full_table.h; path = ../externals/ryu/ryu/d2fixed_full_table.h; sourceTree = SOURCE_ROOT; };
		F77980452E75ACF00054250F /* d2s.c */ = {isa = PBXFileReference; lastKnownFileType = sourcecode.c.c; name = d2s.c; path = ../externals/ryu/ryu/d2s.c; sourceTree = SOURCE_ROOT; };
		F77980462E75ACF00054250F /* d2s_full_table.h */ = {isa = PBXFileReference; lastKnownFileType = sourcecode.c.h; name = d2s_full_table.h; path = ../externals/ryu/ryu/d2s_full_table.h; sourceTree = SOURCE_ROOT; };
		F77980472E75ACF00054250F /* d2s_intrinsics.h */ = {isa = PBXFileReference; lastKnownFileType = sourcecode.c.h; name = d2s_intrinsics.h; path = ../externals/ryu/ryu/d2s_intrinsics.h; sourceTree = SOURCE_ROOT; };
		F77980482E75ACF00054250F /* d2s_small_table.h */ = {isa = PBXFileReference; lastKnownFileType = sourcecode.c.h; name = d2s_small_table.h; path = ../externals/ryu/ryu/d2s_small_table.h; sourceTree = SOURCE_ROOT; };
		F77980492E75ACF00054250F /* digit_table.h */ = {isa = PBXFileReference; lastKnownFileType = sourcecode.c.h; name = digit_table.h; path = ../externals/ryu/ryu/digit_table.h; sourceTree = SOURCE_ROOT; };
		F779804A2E75ACF00054250F /* f2s.c */ = {isa = PBXFileReference; lastKnownFileType = sourcecode.c.c; name = f2s.c; path = ../externals/ryu/ryu/f2s.c; sourceTree = SOURCE_ROOT; };
		F779804B2E75ACF00054250F /* f2s_full_table.h */ = {isa = PBXFileReference; lastKnownFileType = sourcecode.c.h; name = f2s_full_table.h; path = ../externals/ryu/ryu/f2s_full_table.h; sourceTree = SOURCE_ROOT; };
		F779804C2E75ACF00054250F /* f2s_intrinsics.h */ = {isa = PBXFileReference; lastKnownFileType = sourcecode.c.h; name = f2s_intrinsics.h; path = ../externals/ryu/ryu/f2s_intrinsics.h; sourceTree = SOURCE_ROOT; };
		F779804D2E75ACF00054250F /* generic_128.h */ = {isa = PBXFileReference; lastKnownFileType = sourcecode.c.h; name = generic_128.h; path = ../externals/ryu/ryu/generic_128.h; sourceTree = SOURCE_ROOT; };
		F779804E2E75ACF00054250F /* generic_128.c */ = {isa = PBXFileReference; lastKnownFileType = sourcecode.c.c; name = generic_128.c; path = ../externals/ryu/ryu/generic_128.c; sourceTree = SOURCE_ROOT; };
		F779804F2E75ACF00054250F /* ryu.h */ = {isa = PBXFileReference; lastKnownFileType = sourcecode.c.h; name = ryu.h; path = ../externals/ryu/ryu/ryu.h; sourceTree = SOURCE_ROOT; };
		F77980502E75ACF00054250F /* ryu_generic_128.h */ = {isa = PBXFileReference; lastKnownFileType = sourcecode.c.h; name = ryu_generic_128.h; path = ../externals/ryu/ryu/ryu_generic_128.h; sourceTree = SOURCE_ROOT; };
		F77980512E75ACF00054250F /* ryu_parse.h */ = {isa = PBXFileReference; lastKnownFileType = sourcecode.c.h; name = ryu_parse.h; path = ../externals/ryu/ryu/ryu_parse.h; sourceTree = SOURCE_ROOT; };
		F77980522E75ACF00054250F /* s2d.c */ = {isa = PBXFileReference; lastKnownFileType = sourcecode.c.c; name = s2d.c; path = ../externals/ryu/ryu/s2d.c; sourceTree = SOURCE_ROOT; };
		F77980532E75ACF00054250F /* s2f.c */ = {isa = PBXFileReference; lastKnownFileType = sourcecode.c.c; name = s2f.c; path = ../externals/ryu/ryu/s2f.c; sourceTree = SOURCE_ROOT; };
/* End PBXFileReference section */

/* Begin PBXFrameworksBuildPhase section */
		F710CF482E71A6D300A9CC8D /* Frameworks */ = {
			isa = PBXFrameworksBuildPhase;
			buildActionMask = 2147483647;
			files = (
			);
			runOnlyForDeploymentPostprocessing = 0;
		};
/* End PBXFrameworksBuildPhase section */

/* Begin PBXGroup section */
		F710CF422E71A6D300A9CC8D = {
			isa = PBXGroup;
			children = (
				F77980422E75ACF00054250F /* common.h */,
				F77980432E75ACF00054250F /* d2fixed.c */,
				F77980442E75ACF00054250F /* d2fixed_full_table.h */,
				F77980452E75ACF00054250F /* d2s.c */,
				F77980462E75ACF00054250F /* d2s_full_table.h */,
				F77980472E75ACF00054250F /* d2s_intrinsics.h */,
				F77980482E75ACF00054250F /* d2s_small_table.h */,
				F77980492E75ACF00054250F /* digit_table.h */,
				F779804A2E75ACF00054250F /* f2s.c */,
				F779804B2E75ACF00054250F /* f2s_full_table.h */,
				F779804C2E75ACF00054250F /* f2s_intrinsics.h */,
				F779804D2E75ACF00054250F /* generic_128.h */,
				F779804E2E75ACF00054250F /* generic_128.c */,
				F779804F2E75ACF00054250F /* ryu.h */,
				F77980502E75ACF00054250F /* ryu_generic_128.h */,
				F77980512E75ACF00054250F /* ryu_parse.h */,
				F77980522E75ACF00054250F /* s2d.c */,
				F77980532E75ACF00054250F /* s2f.c */,
				F77980402E75AC6C0054250F /* compareWithRyu.cpp */,
				F710CF552E71A92000A9CC8D /* Numbstrict.h */,
				F710CF562E71A92000A9CC8D /* Numbstrict.cpp */,
				F710CF582E71A92A00A9CC8D /* RoundingTest.cpp */,
				F710CF4C2E71A6D300A9CC8D /* Products */,
			);
			sourceTree = "<group>";
		};
		F710CF4C2E71A6D300A9CC8D /* Products */ = {
			isa = PBXGroup;
			children = (
				F710CF4B2E71A6D300A9CC8D /* RoundingTest */,
			);
			name = Products;
			sourceTree = "<group>";
		};
/* End PBXGroup section */

/* Begin PBXNativeTarget section */
		F710CF4A2E71A6D300A9CC8D /* RoundingTest */ = {
			isa = PBXNativeTarget;
			buildConfigurationList = F710CF522E71A6D300A9CC8D /* Build configuration list for PBXNativeTarget "RoundingTest" */;
			buildPhases = (
				F710CF472E71A6D300A9CC8D /* Sources */,
				F710CF482E71A6D300A9CC8D /* Frameworks */,
				F710CF492E71A6D300A9CC8D /* CopyFiles */,
			);
			buildRules = (
			);
			dependencies = (
			);
			name = RoundingTest;
			packageProductDependencies = (
			);
			productName = RoundingTest;
			productReference = F710CF4B2E71A6D300A9CC8D /* RoundingTest */;
			productType = "com.apple.product-type.tool";
		};
/* End PBXNativeTarget section */

/* Begin PBXProject section */
		F710CF432E71A6D300A9CC8D /* Project object */ = {
			isa = PBXProject;
			attributes = {
				BuildIndependentTargetsInParallel = 1;
				LastUpgradeCheck = 1640;
				TargetAttributes = {
					F710CF4A2E71A6D300A9CC8D = {
						CreatedOnToolsVersion = 16.4;
					};
				};
			};
			buildConfigurationList = F710CF462E71A6D300A9CC8D /* Build configuration list for PBXProject "RoundingTest" */;
			developmentRegion = en;
			hasScannedForEncodings = 0;
			knownRegions = (
				en,
				Base,
			);
			mainGroup = F710CF422E71A6D300A9CC8D;
			minimizedProjectReferenceProxies = 1;
			preferredProjectObjectVersion = 77;
			productRefGroup = F710CF4C2E71A6D300A9CC8D /* Products */;
			projectDirPath = "";
			projectRoot = "";
			targets = (
				F710CF4A2E71A6D300A9CC8D /* RoundingTest */,
			);
		};
/* End PBXProject section */

/* Begin PBXSourcesBuildPhase section */
		F710CF472E71A6D300A9CC8D /* Sources */ = {
			isa = PBXSourcesBuildPhase;
			buildActionMask = 2147483647;
			files = (
				F77980412E75AC6C0054250F /* compareWithRyu.cpp in Sources */,
				F710CF572E71A92000A9CC8D /* Numbstrict.cpp in Sources */,
				F77980542E75ACF00054250F /* s2d.c in Sources */,
				F77980552E75ACF00054250F /* generic_128.c in Sources */,
				F77980562E75ACF00054250F /* d2fixed.c in Sources */,
				F77980572E75ACF00054250F /* d2s.c in Sources */,
				F77980582E75ACF00054250F /* s2f.c in Sources */,
				F77980592E75ACF00054250F /* f2s.c in Sources */,
			);
			runOnlyForDeploymentPostprocessing = 0;
		};
/* End PBXSourcesBuildPhase section */

/* Begin XCBuildConfiguration section */
		F710CF502E71A6D300A9CC8D /* Debug */ = {
			isa = XCBuildConfiguration;
			buildSettings = {
				ALWAYS_SEARCH_USER_PATHS = NO;
				ASSETCATALOG_COMPILER_GENERATE_SWIFT_ASSET_SYMBOL_EXTENSIONS = YES;
				CLANG_ANALYZER_NONNULL = YES;
				CLANG_ANALYZER_NUMBER_OBJECT_CONVERSION = YES_AGGRESSIVE;
				CLANG_CXX_LANGUAGE_STANDARD = "c++11";
				CLANG_ENABLE_MODULES = YES;
				CLANG_ENABLE_OBJC_ARC = YES;
				CLANG_ENABLE_OBJC_WEAK = YES;
				CLANG_WARN_BLOCK_CAPTURE_AUTORELEASING = YES;
				CLANG_WARN_BOOL_CONVERSION = YES;
				CLANG_WARN_COMMA = YES;
				CLANG_WARN_CONSTANT_CONVERSION = YES;
				CLANG_WARN_DEPRECATED_OBJC_IMPLEMENTATIONS = YES;
				CLANG_WARN_DIRECT_OBJC_ISA_USAGE = YES_ERROR;
				CLANG_WARN_DOCUMENTATION_COMMENTS = YES;
				CLANG_WARN_EMPTY_BODY = YES;
				CLANG_WARN_ENUM_CONVERSION = YES;
				CLANG_WARN_INFINITE_RECURSION = YES;
				CLANG_WARN_INT_CONVERSION = YES;
				CLANG_WARN_NON_LITERAL_NULL_CONVERSION = YES;
				CLANG_WARN_OBJC_IMPLICIT_RETAIN_SELF = YES;
				CLANG_WARN_OBJC_LITERAL_CONVERSION = YES;
				CLANG_WARN_OBJC_ROOT_CLASS = YES_ERROR;
				CLANG_WARN_QUOTED_INCLUDE_IN_FRAMEWORK_HEADER = YES;
				CLANG_WARN_RANGE_LOOP_ANALYSIS = YES;
				CLANG_WARN_STRICT_PROTOTYPES = YES;
				CLANG_WARN_SUSPICIOUS_MOVE = YES;
				CLANG_WARN_UNGUARDED_AVAILABILITY = YES_AGGRESSIVE;
				CLANG_WARN_UNREACHABLE_CODE = YES;
				CLANG_WARN__DUPLICATE_METHOD_MATCH = YES;
				COPY_PHASE_STRIP = NO;
				DEBUG_INFORMATION_FORMAT = dwarf;
				ENABLE_STRICT_OBJC_MSGSEND = YES;
				ENABLE_TESTABILITY = YES;
				ENABLE_USER_SCRIPT_SANDBOXING = YES;
				GCC_C_LANGUAGE_STANDARD = gnu17;
				GCC_DYNAMIC_NO_PIC = NO;
				GCC_NO_COMMON_BLOCKS = YES;
				GCC_OPTIMIZATION_LEVEL = 0;
				GCC_PREPROCESSOR_DEFINITIONS = (
					"DEBUG=1",
					"$(inherited)",
				);
				GCC_WARN_64_TO_32_BIT_CONVERSION = YES;
				GCC_WARN_ABOUT_RETURN_TYPE = YES_ERROR;
				GCC_WARN_UNDECLARED_SELECTOR = YES;
				GCC_WARN_UNINITIALIZED_AUTOS = YES_AGGRESSIVE;
				GCC_WARN_UNUSED_FUNCTION = YES;
				GCC_WARN_UNUSED_VARIABLE = YES;
				LOCALIZATION_PREFERS_STRING_CATALOGS = YES;
				MACOSX_DEPLOYMENT_TARGET = 15.5;
				MTL_ENABLE_DEBUG_INFO = INCLUDE_SOURCE;
				MTL_FAST_MATH = YES;
				ONLY_ACTIVE_ARCH = YES;
				SDKROOT = macosx;
			};
			name = Debug;
		};
		F710CF512E71A6D300A9CC8D /* Release */ = {
			isa = XCBuildConfiguration;
			buildSettings = {
				ALWAYS_SEARCH_USER_PATHS = NO;
				ASSETCATALOG_COMPILER_GENERATE_SWIFT_ASSET_SYMBOL_EXTENSIONS = YES;
				CLANG_ANALYZER_NONNULL = YES;
				CLANG_ANALYZER_NUMBER_OBJECT_CONVERSION = YES_AGGRESSIVE;
				CLANG_CXX_LANGUAGE_STANDARD = "c++11";
				CLANG_ENABLE_MODULES = YES;
				CLANG_ENABLE_OBJC_ARC = YES;
				CLANG_ENABLE_OBJC_WEAK = YES;
				CLANG_WARN_BLOCK_CAPTURE_AUTORELEASING = YES;
				CLANG_WARN_BOOL_CONVERSION = YES;
				CLANG_WARN_COMMA = YES;
				CLANG_WARN_CONSTANT_CONVERSION = YES;
				CLANG_WARN_DEPRECATED_OBJC_IMPLEMENTATIONS = YES;
				CLANG_WARN_DIRECT_OBJC_ISA_USAGE = YES_ERROR;
				CLANG_WARN_DOCUMENTATION_COMMENTS = YES;
				CLANG_WARN_EMPTY_BODY = YES;
				CLANG_WARN_ENUM_CONVERSION = YES;
				CLANG_WARN_INFINITE_RECURSION = YES;
				CLANG_WARN_INT_CONVERSION = YES;
				CLANG_WARN_NON_LITERAL_NULL_CONVERSION = YES;
				CLANG_WARN_OBJC_IMPLICIT_RETAIN_SELF = YES;
				CLANG_WARN_OBJC_LITERAL_CONVERSION = YES;
				CLANG_WARN_OBJC_ROOT_CLASS = YES_ERROR;
				CLANG_WARN_QUOTED_INCLUDE_IN_FRAMEWORK_HEADER = YES;
				CLANG_WARN_RANGE_LOOP_ANALYSIS = YES;
				CLANG_WARN_STRICT_PROTOTYPES = YES;
				CLANG_WARN_SUSPICIOUS_MOVE = YES;
				CLANG_WARN_UNGUARDED_AVAILABILITY = YES_AGGRESSIVE;
				CLANG_WARN_UNREACHABLE_CODE = YES;
				CLANG_WARN__DUPLICATE_METHOD_MATCH = YES;
				COPY_PHASE_STRIP = NO;
				DEBUG_INFORMATION_FORMAT = "dwarf-with-dsym";
				ENABLE_NS_ASSERTIONS = NO;
				ENABLE_STRICT_OBJC_MSGSEND = YES;
				ENABLE_USER_SCRIPT_SANDBOXING = YES;
				GCC_C_LANGUAGE_STANDARD = gnu17;
				GCC_NO_COMMON_BLOCKS = YES;
				GCC_WARN_64_TO_32_BIT_CONVERSION = YES;
				GCC_WARN_ABOUT_RETURN_TYPE = YES_ERROR;
				GCC_WARN_UNDECLARED_SELECTOR = YES;
				GCC_WARN_UNINITIALIZED_AUTOS = YES_AGGRESSIVE;
				GCC_WARN_UNUSED_FUNCTION = YES;
				GCC_WARN_UNUSED_VARIABLE = YES;
				LOCALIZATION_PREFERS_STRING_CATALOGS = YES;
				MACOSX_DEPLOYMENT_TARGET = 15.5;
				MTL_ENABLE_DEBUG_INFO = NO;
				MTL_FAST_MATH = YES;
				SDKROOT = macosx;
			};
			name = Release;
		};
		F710CF532E71A6D300A9CC8D /* Debug */ = {
			isa = XCBuildConfiguration;
			buildSettings = {
				CODE_SIGN_STYLE = Automatic;
				HEADER_SEARCH_PATHS = ../externals/ryu/;
				PRODUCT_NAME = "$(TARGET_NAME)";
			};
			name = Debug;
		};
		F710CF542E71A6D300A9CC8D /* Release */ = {
			isa = XCBuildConfiguration;
			buildSettings = {
				CODE_SIGN_STYLE = Automatic;
				HEADER_SEARCH_PATHS = ../externals/ryu/;
				PRODUCT_NAME = "$(TARGET_NAME)";
			};
			name = Release;
		};
/* End XCBuildConfiguration section */

/* Begin XCConfigurationList section */
		F710CF462E71A6D300A9CC8D /* Build configuration list for PBXProject "RoundingTest" */ = {
			isa = XCConfigurationList;
			buildConfigurations = (
				F710CF502E71A6D300A9CC8D /* Debug */,
				F710CF512E71A6D300A9CC8D /* Release */,
			);
			defaultConfigurationIsVisible = 0;
			defaultConfigurationName = Release;
		};
		F710CF522E71A6D300A9CC8D /* Build configuration list for PBXNativeTarget "RoundingTest" */ = {
			isa = XCConfigurationList;
			buildConfigurations = (
				F710CF532E71A6D300A9CC8D /* Debug */,
				F710CF542E71A6D300A9CC8D /* Release */,
			);
			defaultConfigurationIsVisible = 0;
			defaultConfigurationName = Release;
		};
/* End XCConfigurationList section */
	};
	rootObject = F710CF432E71A6D300A9CC8D /* Project object */;
}
